# THIS IS AN AUTOGENERATED FILE. DO NOT EDIT THIS FILE DIRECTLY.
# yarn lockfile v1


"@mapbox/tile-cover@3.0.2":
  "integrity" "sha1-4Qsbv+Ze4op/GgEn3raZY10PjXo="
  "resolved" "https://registry.npmjs.org/@mapbox/tile-cover/-/tile-cover-3.0.2.tgz"
  "version" "3.0.2"
  dependencies:
    "@mapbox/tilebelt" "^1.0.1"

"@mapbox/tilebelt@^1.0.1", "@mapbox/tilebelt@1.0.2":
  "integrity" "sha512-tGJN2VIgWrXqBTPIxFVklklIpcy6ss8W5ouq+cjNLXPXFraRaDR4Ice+5Q8/uLX+6aH23lWBMydOIn8PcdVcpA=="
  "resolved" "https://registry.npmjs.org/@mapbox/tilebelt/-/tilebelt-1.0.2.tgz"
  "version" "1.0.2"
