# THIS IS AN AUTOGENERATED FILE. DO NOT EDIT THIS FILE DIRECTLY.
# yarn lockfile v1


"@babel/runtime@^7.12.0":
  version "7.18.9"
  resolved "https://registry.yarnpkg.com/@babel/runtime/-/runtime-7.18.9.tgz#b4fcfce55db3d2e5e080d2490f608a3b9f407f4a"
  integrity "sha1-tPz85V2z0uXggNJJD2CKO59Af0o= sha512-lkqXDcvlFT5rvEjiu6+QYO+1GXrEHRo2LOtS7E4GtX5ESIZOgepqsZBVIj6Pv+a6zqsya9VCgiK1KAK4BvJDAw=="
  dependencies:
    regenerator-runtime "^0.13.4"

"@mapbox/tile-cover@3.0.2":
  version "3.0.2"
  resolved "https://registry.yarnpkg.com/@mapbox/tile-cover/-/tile-cover-3.0.2.tgz#e10b1bbfe65ee28a7f1a0127deb699635d0f8d7a"
  integrity "sha1-4Qsbv+Ze4op/GgEn3raZY10PjXo= sha512-A6qvtttsYI66BYi8JMD0v7BzxeuXJf6qSzufmdvvYxDJyXqATZ7ig6OKHFCW7/OsUjpfFu3rB54JM/yHUOVB9g=="
  dependencies:
    "@mapbox/tilebelt" "^1.0.1"

"@mapbox/tilebelt@^1.0.1":
  version "1.0.2"
  resolved "https://registry.yarnpkg.com/@mapbox/tilebelt/-/tilebelt-1.0.2.tgz#32936c3acad3ea3e669bb083a598bcc7d74b4ec9"
  integrity "sha1-MpNsOsrT6j5mm7CDpZi8x9dLTsk= sha512-tGJN2VIgWrXqBTPIxFVklklIpcy6ss8W5ouq+cjNLXPXFraRaDR4Ice+5Q8/uLX+6aH23lWBMydOIn8PcdVcpA=="

"@math.gl/web-mercator@^3.6.2":
  version "3.6.3"
  resolved "https://registry.yarnpkg.com/@math.gl/web-mercator/-/web-mercator-3.6.3.tgz#ef91168e030eecffc788618d686e8a6c1d7a0bf8"
  integrity "sha1-75EWjgMO7P/HiGGNaG6KbB16C/g= sha512-UVrkSOs02YLehKaehrxhAejYMurehIHPfFQvPFZmdJHglHOU4V2cCUApTVEwOksvCp161ypEqVp+9H6mGhTTcw=="
  dependencies:
    "@babel/runtime" "^7.12.0"
    gl-matrix "^3.4.0"

gl-matrix@^3.4.0:
  version "3.4.3"
  resolved "https://registry.yarnpkg.com/gl-matrix/-/gl-matrix-3.4.3.tgz#fc1191e8320009fd4d20e9339595c6041ddc22c9"
  integrity "sha1-/BGR6DIACf1NIOkzlZXGBB3cIsk= sha512-wcCp8vu8FT22BnvKVPjXa/ICBWRq/zjFfdofZy1WSpQZpphblv12/bOQLBC1rMM7SGOFS9ltVmKOHil5+Ml7gA=="

regenerator-runtime@^0.13.4:
  version "0.13.9"
  resolved "https://registry.yarnpkg.com/regenerator-runtime/-/regenerator-runtime-0.13.9.tgz#8925742a98ffd90814988d7566ad30ca3b263b52"
  integrity "sha1-iSV0Kpj/2QgUmI11Zq0wyjsmO1I= sha512-p3VT+cOEgxFsRRA9X4lkI1E+k2/CtnKtU4gcxyaCUreilL/vqI6CdZ3wxVUx3UOUg+gnUOQQcRI7BmSI656MYA=="
