# THIS IS AN AUTOGENERATED FILE. DO NOT EDIT THIS FILE DIRECTLY.
# yarn lockfile v1


h3-js@3.7.2:
  version "3.7.2"
  resolved "https://registry.yarnpkg.com/h3-js/-/h3-js-3.7.2.tgz#61d4feb7bb42868ca9cdb2d5cf9d9dda94f9e5a3"
  integrity "sha1-YdT+t7tChoypzbLVz52d2pT55aM= sha512-LPjlHSwB9zQZrMqKloCZmmmt3yZzIK7nqPcXqwU93zT3TtYG6jP4tZBzAPouxut7lLjdFbMQ75wRBiKfpsnY7w=="
