# THIS IS AN AUTOGENERATED FILE. DO NOT EDIT THIS FILE DIRECTLY.
# yarn lockfile v1


"@babel/runtime@^7.0.0":
  version "7.16.3"
  resolved "https://registry.yarnpkg.com/@babel/runtime/-/runtime-7.16.3.tgz#b86f0db02a04187a3c17caa77de69840165d42d5"
  integrity "sha1-uG8NsCoEGHo8F8qnfeaYQBZdQtU= sha512-WBwekcqacdY2e9AF/Q7WLFUWmdJGJTkbjqTjoMDgXkVZ3ZRUvOPsLb5KdwISoQVsbP+DQzVZW4Zhci0DvpbNTQ=="
  dependencies:
    regenerator-runtime "^0.13.4"

"@placekey/placekey@1.0.3":
  version "1.0.3"
  resolved "https://registry.yarnpkg.com/@placekey/placekey/-/placekey-1.0.3.tgz#332d05d8c0b343b4574826825b385ec1224cb7c1"
  integrity "sha1-My0F2MCzQ7RXSCaCWzhewSJMt8E= sha512-zkSkhcLI80gr+uieTnRRSZfl2lGri48bZTCDQm5U6KemhUZALA7xJ2jmbFi4fQ9GDkq6CEJi6ZMpnSb4bHDGXw=="
  dependencies:
    "@babel/runtime" "^7.0.0"
    h3-js "^3.7.0"

h3-js@^3.7.0:
  version "3.7.2"
  resolved "https://registry.yarnpkg.com/h3-js/-/h3-js-3.7.2.tgz#61d4feb7bb42868ca9cdb2d5cf9d9dda94f9e5a3"
  integrity "sha1-YdT+t7tChoypzbLVz52d2pT55aM= sha512-LPjlHSwB9zQZrMqKloCZmmmt3yZzIK7nqPcXqwU93zT3TtYG6jP4tZBzAPouxut7lLjdFbMQ75wRBiKfpsnY7w=="

regenerator-runtime@^0.13.4:
  version "0.13.9"
  resolved "https://registry.yarnpkg.com/regenerator-runtime/-/regenerator-runtime-0.13.9.tgz#8925742a98ffd90814988d7566ad30ca3b263b52"
  integrity "sha1-iSV0Kpj/2QgUmI11Zq0wyjsmO1I= sha512-p3VT+cOEgxFsRRA9X4lkI1E+k2/CtnKtU4gcxyaCUreilL/vqI6CdZ3wxVUx3UOUg+gnUOQQcRI7BmSI656MYA=="
